
Microsoft Visual Studio Solution File, Format Version 12.00
# Visual Studio Version 16
VisualStudioVersion = 16.6.30114.105
MinimumVisualStudioVersion = 10.0.40219.1
Project("{2150E333-8FDC-42A3-9474-1A3956D46DE8}") = "Core", "Core", "{1A8EF492-3634-4C2E-BB06-5E218A16E4BF}"
EndProject
Project("{2150E333-8FDC-42A3-9474-1A3956D46DE8}") = "Application", "Application", "{E5FBFCD6-C0AE-4F56-AE93-93E1636DC2EC}"
EndProject
Project("{FAE04EC0-301F-11D3-BF4B-00C04F79EFBC}") = "Arya.Core.Application", "Core\Application\Arya.Core.Application\Arya.Core.Application.csproj", "{51C9F572-AB95-496D-AA64-5533021B12B6}"
EndProject
Project("{FAE04EC0-301F-11D3-BF4B-00C04F79EFBC}") = "Arya.Core.Application.Common", "Core\Application\Arya.Core.Application.Common\Arya.Core.Application.Common.csproj", "{E9F12F29-D8C5-4396-98F4-C0C9CA1AA56C}"
EndProject
Project("{FAE04EC0-301F-11D3-BF4B-00C04F79EFBC}") = "Arya.Core.Application.Service", "Core\Application\Arya.Core.Application.Service\Arya.Core.Application.Service.csproj", "{F43DE775-79D3-4FA5-96CD-C6A99B4033E2}"
EndProject
Project("{2150E333-8FDC-42A3-9474-1A3956D46DE8}") = "Infrastructure", "Infrastructure", "{6F54C910-49CF-435C-8027-DC558D2F6FC5}"
EndProject
Project("{FAE04EC0-301F-11D3-BF4B-00C04F79EFBC}") = "Arya.Core.Infrastructure", "Core\Infrastructure\Arya.Core.Infrastructure\Arya.Core.Infrastructure.csproj", "{77168764-62FD-4640-8556-BF1A1E7BCC4D}"
EndProject
Project("{FAE04EC0-301F-11D3-BF4B-00C04F79EFBC}") = "Arya.Core.Infrastructure.Domain", "Core\Infrastructure\Arya.Core.Infrastructure.Domain\Arya.Core.Infrastructure.Domain.csproj", "{9144F962-3945-4CF3-94AE-F339FB4C8E84}"
EndProject
Project("{FAE04EC0-301F-11D3-BF4B-00C04F79EFBC}") = "Arya.Core.Infrastructure.Domain.Config", "Core\Infrastructure\Arya.Core.Infrastructure.Domain.Config\Arya.Core.Infrastructure.Domain.Config.csproj", "{17DB471B-2391-410B-B5B5-9DEEC4770D8A}"
EndProject
Project("{2150E333-8FDC-42A3-9474-1A3956D46DE8}") = "Shared", "Shared", "{30FC3640-D8F6-45B7-998C-8E050BEFD8D2}"
EndProject
Project("{FAE04EC0-301F-11D3-BF4B-00C04F79EFBC}") = "Arya.Shard.Common", "Shared\Arya.Shard.Common\Arya.Shard.Common.csproj", "{834FBB09-06FC-4613-8CC2-8E8D311C94D4}"
EndProject
Project("{FAE04EC0-301F-11D3-BF4B-00C04F79EFBC}") = "Arya.Shard.StartUp", "Shared\Arya.Shard.StartUp\Arya.Shard.StartUp.csproj", "{A9D76F27-A319-4E79-9B8B-B2F17C34EF50}"
EndProject
Project("{2150E333-8FDC-42A3-9474-1A3956D46DE8}") = "Presentation", "Presentation", "{7703148E-CDD9-4878-99ED-E4E55525CFDE}"
EndProject
Project("{FAE04EC0-301F-11D3-BF4B-00C04F79EFBC}") = "Arya.Presentation.WebAPI", "Presentation\Arya.Presentation.WebAPI\Arya.Presentation.WebAPI.csproj", "{FB9D96D7-1AB4-47C0-9548-B8375EDBE31A}"
EndProject
Project("{FAE04EC0-301F-11D3-BF4B-00C04F79EFBC}") = "Arya.Presentation.WebUI", "Presentation\Arya.Presentation.WebUI\Arya.Presentation.WebUI.csproj", "{0CC12395-592F-47D6-B1D2-4170C84E8602}"
EndProject
Global
	GlobalSection(SolutionConfigurationPlatforms) = preSolution
		Debug|Any CPU = Debug|Any CPU
		Debug|x64 = Debug|x64
		Debug|x86 = Debug|x86
		Release|Any CPU = Release|Any CPU
		Release|x64 = Release|x64
		Release|x86 = Release|x86
	EndGlobalSection
	GlobalSection(SolutionProperties) = preSolution
		HideSolutionNode = FALSE
	EndGlobalSection
	GlobalSection(ProjectConfigurationPlatforms) = postSolution
		{51C9F572-AB95-496D-AA64-5533021B12B6}.Debug|Any CPU.ActiveCfg = Debug|Any CPU
		{51C9F572-AB95-496D-AA64-5533021B12B6}.Debug|Any CPU.Build.0 = Debug|Any CPU
		{51C9F572-AB95-496D-AA64-5533021B12B6}.Debug|x64.ActiveCfg = Debug|Any CPU
		{51C9F572-AB95-496D-AA64-5533021B12B6}.Debug|x64.Build.0 = Debug|Any CPU
		{51C9F572-AB95-496D-AA64-5533021B12B6}.Debug|x86.ActiveCfg = Debug|Any CPU
		{51C9F572-AB95-496D-AA64-5533021B12B6}.Debug|x86.Build.0 = Debug|Any CPU
		{51C9F572-AB95-496D-AA64-5533021B12B6}.Release|Any CPU.ActiveCfg = Release|Any CPU
		{51C9F572-AB95-496D-AA64-5533021B12B6}.Release|Any CPU.Build.0 = Release|Any CPU
		{51C9F572-AB95-496D-AA64-5533021B12B6}.Release|x64.ActiveCfg = Release|Any CPU
		{51C9F572-AB95-496D-AA64-5533021B12B6}.Release|x64.Build.0 = Release|Any CPU
		{51C9F572-AB95-496D-AA64-5533021B12B6}.Release|x86.ActiveCfg = Release|Any CPU
		{51C9F572-AB95-496D-AA64-5533021B12B6}.Release|x86.Build.0 = Release|Any CPU
		{E9F12F29-D8C5-4396-98F4-C0C9CA1AA56C}.Debug|Any CPU.ActiveCfg = Debug|Any CPU
		{E9F12F29-D8C5-4396-98F4-C0C9CA1AA56C}.Debug|Any CPU.Build.0 = Debug|Any CPU
		{E9F12F29-D8C5-4396-98F4-C0C9CA1AA56C}.Debug|x64.ActiveCfg = Debug|Any CPU
		{E9F12F29-D8C5-4396-98F4-C0C9CA1AA56C}.Debug|x64.Build.0 = Debug|Any CPU
		{E9F12F29-D8C5-4396-98F4-C0C9CA1AA56C}.Debug|x86.ActiveCfg = Debug|Any CPU
		{E9F12F29-D8C5-4396-98F4-C0C9CA1AA56C}.Debug|x86.Build.0 = Debug|Any CPU
		{E9F12F29-D8C5-4396-98F4-C0C9CA1AA56C}.Release|Any CPU.ActiveCfg = Release|Any CPU
		{E9F12F29-D8C5-4396-98F4-C0C9CA1AA56C}.Release|Any CPU.Build.0 = Release|Any CPU
		{E9F12F29-D8C5-4396-98F4-C0C9CA1AA56C}.Release|x64.ActiveCfg = Release|Any CPU
		{E9F12F29-D8C5-4396-98F4-C0C9CA1AA56C}.Release|x64.Build.0 = Release|Any CPU
		{E9F12F29-D8C5-4396-98F4-C0C9CA1AA56C}.Release|x86.ActiveCfg = Release|Any CPU
		{E9F12F29-D8C5-4396-98F4-C0C9CA1AA56C}.Release|x86.Build.0 = Release|Any CPU
		{F43DE775-79D3-4FA5-96CD-C6A99B4033E2}.Debug|Any CPU.ActiveCfg = Debug|Any CPU
		{F43DE775-79D3-4FA5-96CD-C6A99B4033E2}.Debug|Any CPU.Build.0 = Debug|Any CPU
		{F43DE775-79D3-4FA5-96CD-C6A99B4033E2}.Debug|x64.ActiveCfg = Debug|Any CPU
		{F43DE775-79D3-4FA5-96CD-C6A99B4033E2}.Debug|x64.Build.0 = Debug|Any CPU
		{F43DE775-79D3-4FA5-96CD-C6A99B4033E2}.Debug|x86.ActiveCfg = Debug|Any CPU
		{F43DE775-79D3-4FA5-96CD-C6A99B4033E2}.Debug|x86.Build.0 = Debug|Any CPU
		{F43DE775-79D3-4FA5-96CD-C6A99B4033E2}.Release|Any CPU.ActiveCfg = Release|Any CPU
		{F43DE775-79D3-4FA5-96CD-C6A99B4033E2}.Release|Any CPU.Build.0 = Release|Any CPU
		{F43DE775-79D3-4FA5-96CD-C6A99B4033E2}.Release|x64.ActiveCfg = Release|Any CPU
		{F43DE775-79D3-4FA5-96CD-C6A99B4033E2}.Release|x64.Build.0 = Release|Any CPU
		{F43DE775-79D3-4FA5-96CD-C6A99B4033E2}.Release|x86.ActiveCfg = Release|Any CPU
		{F43DE775-79D3-4FA5-96CD-C6A99B4033E2}.Release|x86.Build.0 = Release|Any CPU
		{77168764-62FD-4640-8556-BF1A1E7BCC4D}.Debug|Any CPU.ActiveCfg = Debug|Any CPU
		{77168764-62FD-4640-8556-BF1A1E7BCC4D}.Debug|Any CPU.Build.0 = Debug|Any CPU
		{77168764-62FD-4640-8556-BF1A1E7BCC4D}.Debug|x64.ActiveCfg = Debug|Any CPU
		{77168764-62FD-4640-8556-BF1A1E7BCC4D}.Debug|x64.Build.0 = Debug|Any CPU
		{77168764-62FD-4640-8556-BF1A1E7BCC4D}.Debug|x86.ActiveCfg = Debug|Any CPU
		{77168764-62FD-4640-8556-BF1A1E7BCC4D}.Debug|x86.Build.0 = Debug|Any CPU
		{77168764-62FD-4640-8556-BF1A1E7BCC4D}.Release|Any CPU.ActiveCfg = Release|Any CPU
		{77168764-62FD-4640-8556-BF1A1E7BCC4D}.Release|Any CPU.Build.0 = Release|Any CPU
		{77168764-62FD-4640-8556-BF1A1E7BCC4D}.Release|x64.ActiveCfg = Release|Any CPU
		{77168764-62FD-4640-8556-BF1A1E7BCC4D}.Release|x64.Build.0 = Release|Any CPU
		{77168764-62FD-4640-8556-BF1A1E7BCC4D}.Release|x86.ActiveCfg = Release|Any CPU
		{77168764-62FD-4640-8556-BF1A1E7BCC4D}.Release|x86.Build.0 = Release|Any CPU
		{9144F962-3945-4CF3-94AE-F339FB4C8E84}.Debug|Any CPU.ActiveCfg = Debug|Any CPU
		{9144F962-3945-4CF3-94AE-F339FB4C8E84}.Debug|Any CPU.Build.0 = Debug|Any CPU
		{9144F962-3945-4CF3-94AE-F339FB4C8E84}.Debug|x64.ActiveCfg = Debug|Any CPU
		{9144F962-3945-4CF3-94AE-F339FB4C8E84}.Debug|x64.Build.0 = Debug|Any CPU
		{9144F962-3945-4CF3-94AE-F339FB4C8E84}.Debug|x86.ActiveCfg = Debug|Any CPU
		{9144F962-3945-4CF3-94AE-F339FB4C8E84}.Debug|x86.Build.0 = Debug|Any CPU
		{9144F962-3945-4CF3-94AE-F339FB4C8E84}.Release|Any CPU.ActiveCfg = Release|Any CPU
		{9144F962-3945-4CF3-94AE-F339FB4C8E84}.Release|Any CPU.Build.0 = Release|Any CPU
		{9144F962-3945-4CF3-94AE-F339FB4C8E84}.Release|x64.ActiveCfg = Release|Any CPU
		{9144F962-3945-4CF3-94AE-F339FB4C8E84}.Release|x64.Build.0 = Release|Any CPU
		{9144F962-3945-4CF3-94AE-F339FB4C8E84}.Release|x86.ActiveCfg = Release|Any CPU
		{9144F962-3945-4CF3-94AE-F339FB4C8E84}.Release|x86.Build.0 = Release|Any CPU
		{17DB471B-2391-410B-B5B5-9DEEC4770D8A}.Debug|Any CPU.ActiveCfg = Debug|Any CPU
		{17DB471B-2391-410B-B5B5-9DEEC4770D8A}.Debug|Any CPU.Build.0 = Debug|Any CPU
		{17DB471B-2391-410B-B5B5-9DEEC4770D8A}.Debug|x64.ActiveCfg = Debug|Any CPU
		{17DB471B-2391-410B-B5B5-9DEEC4770D8A}.Debug|x64.Build.0 = Debug|Any CPU
		{17DB471B-2391-410B-B5B5-9DEEC4770D8A}.Debug|x86.ActiveCfg = Debug|Any CPU
		{17DB471B-2391-410B-B5B5-9DEEC4770D8A}.Debug|x86.Build.0 = Debug|Any CPU
		{17DB471B-2391-410B-B5B5-9DEEC4770D8A}.Release|Any CPU.ActiveCfg = Release|Any CPU
		{17DB471B-2391-410B-B5B5-9DEEC4770D8A}.Release|Any CPU.Build.0 = Release|Any CPU
		{17DB471B-2391-410B-B5B5-9DEEC4770D8A}.Release|x64.ActiveCfg = Release|Any CPU
		{17DB471B-2391-410B-B5B5-9DEEC4770D8A}.Release|x64.Build.0 = Release|Any CPU
		{17DB471B-2391-410B-B5B5-9DEEC4770D8A}.Release|x86.ActiveCfg = Release|Any CPU
		{17DB471B-2391-410B-B5B5-9DEEC4770D8A}.Release|x86.Build.0 = Release|Any CPU
		{834FBB09-06FC-4613-8CC2-8E8D311C94D4}.Debug|Any CPU.ActiveCfg = Debug|Any CPU
		{834FBB09-06FC-4613-8CC2-8E8D311C94D4}.Debug|Any CPU.Build.0 = Debug|Any CPU
		{834FBB09-06FC-4613-8CC2-8E8D311C94D4}.Debug|x64.ActiveCfg = Debug|Any CPU
		{834FBB09-06FC-4613-8CC2-8E8D311C94D4}.Debug|x64.Build.0 = Debug|Any CPU
		{834FBB09-06FC-4613-8CC2-8E8D311C94D4}.Debug|x86.ActiveCfg = Debug|Any CPU
		{834FBB09-06FC-4613-8CC2-8E8D311C94D4}.Debug|x86.Build.0 = Debug|Any CPU
		{834FBB09-06FC-4613-8CC2-8E8D311C94D4}.Release|Any CPU.ActiveCfg = Release|Any CPU
		{834FBB09-06FC-4613-8CC2-8E8D311C94D4}.Release|Any CPU.Build.0 = Release|Any CPU
		{834FBB09-06FC-4613-8CC2-8E8D311C94D4}.Release|x64.ActiveCfg = Release|Any CPU
		{834FBB09-06FC-4613-8CC2-8E8D311C94D4}.Release|x64.Build.0 = Release|Any CPU
		{834FBB09-06FC-4613-8CC2-8E8D311C94D4}.Release|x86.ActiveCfg = Release|Any CPU
		{834FBB09-06FC-4613-8CC2-8E8D311C94D4}.Release|x86.Build.0 = Release|Any CPU
		{A9D76F27-A319-4E79-9B8B-B2F17C34EF50}.Debug|Any CPU.ActiveCfg = Debug|Any CPU
		{A9D76F27-A319-4E79-9B8B-B2F17C34EF50}.Debug|Any CPU.Build.0 = Debug|Any CPU
		{A9D76F27-A319-4E79-9B8B-B2F17C34EF50}.Debug|x64.ActiveCfg = Debug|Any CPU
		{A9D76F27-A319-4E79-9B8B-B2F17C34EF50}.Debug|x64.Build.0 = Debug|Any CPU
		{A9D76F27-A319-4E79-9B8B-B2F17C34EF50}.Debug|x86.ActiveCfg = Debug|Any CPU
		{A9D76F27-A319-4E79-9B8B-B2F17C34EF50}.Debug|x86.Build.0 = Debug|Any CPU
		{A9D76F27-A319-4E79-9B8B-B2F17C34EF50}.Release|Any CPU.ActiveCfg = Release|Any CPU
		{A9D76F27-A319-4E79-9B8B-B2F17C34EF50}.Release|Any CPU.Build.0 = Release|Any CPU
		{A9D76F27-A319-4E79-9B8B-B2F17C34EF50}.Release|x64.ActiveCfg = Release|Any CPU
		{A9D76F27-A319-4E79-9B8B-B2F17C34EF50}.Release|x64.Build.0 = Release|Any CPU
		{A9D76F27-A319-4E79-9B8B-B2F17C34EF50}.Release|x86.ActiveCfg = Release|Any CPU
		{A9D76F27-A319-4E79-9B8B-B2F17C34EF50}.Release|x86.Build.0 = Release|Any CPU
		{FB9D96D7-1AB4-47C0-9548-B8375EDBE31A}.Debug|Any CPU.ActiveCfg = Debug|Any CPU
		{FB9D96D7-1AB4-47C0-9548-B8375EDBE31A}.Debug|Any CPU.Build.0 = Debug|Any CPU
		{FB9D96D7-1AB4-47C0-9548-B8375EDBE31A}.Debug|x64.ActiveCfg = Debug|Any CPU
		{FB9D96D7-1AB4-47C0-9548-B8375EDBE31A}.Debug|x64.Build.0 = Debug|Any CPU
		{FB9D96D7-1AB4-47C0-9548-B8375EDBE31A}.Debug|x86.ActiveCfg = Debug|Any CPU
		{FB9D96D7-1AB4-47C0-9548-B8375EDBE31A}.Debug|x86.Build.0 = Debug|Any CPU
		{FB9D96D7-1AB4-47C0-9548-B8375EDBE31A}.Release|Any CPU.ActiveCfg = Release|Any CPU
		{FB9D96D7-1AB4-47C0-9548-B8375EDBE31A}.Release|Any CPU.Build.0 = Release|Any CPU
		{FB9D96D7-1AB4-47C0-9548-B8375EDBE31A}.Release|x64.ActiveCfg = Release|Any CPU
		{FB9D96D7-1AB4-47C0-9548-B8375EDBE31A}.Release|x64.Build.0 = Release|Any CPU
		{FB9D96D7-1AB4-47C0-9548-B8375EDBE31A}.Release|x86.ActiveCfg = Release|Any CPU
		{FB9D96D7-1AB4-47C0-9548-B8375EDBE31A}.Release|x86.Build.0 = Release|Any CPU
		{0CC12395-592F-47D6-B1D2-4170C84E8602}.Debug|Any CPU.ActiveCfg = Debug|Any CPU
		{0CC12395-592F-47D6-B1D2-4170C84E8602}.Debug|Any CPU.Build.0 = Debug|Any CPU
		{0CC12395-592F-47D6-B1D2-4170C84E8602}.Debug|x64.ActiveCfg = Debug|Any CPU
		{0CC12395-592F-47D6-B1D2-4170C84E8602}.Debug|x64.Build.0 = Debug|Any CPU
		{0CC12395-592F-47D6-B1D2-4170C84E8602}.Debug|x86.ActiveCfg = Debug|Any CPU
		{0CC12395-592F-47D6-B1D2-4170C84E8602}.Debug|x86.Build.0 = Debug|Any CPU
		{0CC12395-592F-47D6-B1D2-4170C84E8602}.Release|Any CPU.ActiveCfg = Release|Any CPU
		{0CC12395-592F-47D6-B1D2-4170C84E8602}.Release|Any CPU.Build.0 = Release|Any CPU
		{0CC12395-592F-47D6-B1D2-4170C84E8602}.Release|x64.ActiveCfg = Release|Any CPU
		{0CC12395-592F-47D6-B1D2-4170C84E8602}.Release|x64.Build.0 = Release|Any CPU
		{0CC12395-592F-47D6-B1D2-4170C84E8602}.Release|x86.ActiveCfg = Release|Any CPU
		{0CC12395-592F-47D6-B1D2-4170C84E8602}.Release|x86.Build.0 = Release|Any CPU
	EndGlobalSection
	GlobalSection(NestedProjects) = preSolution
		{E5FBFCD6-C0AE-4F56-AE93-93E1636DC2EC} = {1A8EF492-3634-4C2E-BB06-5E218A16E4BF}
		{51C9F572-AB95-496D-AA64-5533021B12B6} = {E5FBFCD6-C0AE-4F56-AE93-93E1636DC2EC}
		{E9F12F29-D8C5-4396-98F4-C0C9CA1AA56C} = {E5FBFCD6-C0AE-4F56-AE93-93E1636DC2EC}
		{F43DE775-79D3-4FA5-96CD-C6A99B4033E2} = {E5FBFCD6-C0AE-4F56-AE93-93E1636DC2EC}
		{6F54C910-49CF-435C-8027-DC558D2F6FC5} = {1A8EF492-3634-4C2E-BB06-5E218A16E4BF}
		{77168764-62FD-4640-8556-BF1A1E7BCC4D} = {6F54C910-49CF-435C-8027-DC558D2F6FC5}
		{9144F962-3945-4CF3-94AE-F339FB4C8E84} = {6F54C910-49CF-435C-8027-DC558D2F6FC5}
		{17DB471B-2391-410B-B5B5-9DEEC4770D8A} = {6F54C910-49CF-435C-8027-DC558D2F6FC5}
		{834FBB09-06FC-4613-8CC2-8E8D311C94D4} = {30FC3640-D8F6-45B7-998C-8E050BEFD8D2}
		{A9D76F27-A319-4E79-9B8B-B2F17C34EF50} = {30FC3640-D8F6-45B7-998C-8E050BEFD8D2}
		{FB9D96D7-1AB4-47C0-9548-B8375EDBE31A} = {7703148E-CDD9-4878-99ED-E4E55525CFDE}
		{0CC12395-592F-47D6-B1D2-4170C84E8602} = {7703148E-CDD9-4878-99ED-E4E55525CFDE}
	EndGlobalSection
EndGlobal
